// !$*UTF8*$!
{
	archiveVersion = 1;
	classes = {
	};
	objectVersion = 56;
	objects = {

/* Begin PBXBuildFile section */
		69F0A0072D29B8B000563A6F /* RUN_APPApp.swift in Sources */ = {isa = PBXBuildFile; fileRef = 69F0A0062D29B8B000563A6F /* RUN_APPApp.swift */; };
		69F0A0092D29B8B000563A6F /* ActivityView.swift in Sources */ = {isa = PBXBuildFile; fileRef = 69F0A0082D29B8B000563A6F /* ActivityView.swift */; };
		69F0A00B2D29B8B100563A6F /* Assets.xcassets in Resources */ = {isa = PBXBuildFile; fileRef = 69F0A00A2D29B8B100563A6F /* Assets.xcassets */; };
		69F0A00F2D29B8B100563A6F /* Preview Assets.xcassets in Resources */ = {isa = PBXBuildFile; fileRef = 69F0A00E2D29B8B100563A6F /* Preview Assets.xcassets */; };
		69F0A0192D29B8B200563A6F /* RUN_APPTests.swift in Sources */ = {isa = PBXBuildFile; fileRef = 69F0A0182D29B8B200563A6F /* RUN_APPTests.swift */; };
		69F0A0232D29B8B200563A6F /* RUN_APPUITests.swift in Sources */ = {isa = PBXBuildFile; fileRef = 69F0A0222D29B8B200563A6F /* RUN_APPUITests.swift */; };
		69F0A0252D29B8B200563A6F /* RUN_APPUITestsLaunchTests.swift in Sources */ = {isa = PBXBuildFile; fileRef = 69F0A0242D29B8B200563A6F /* RUN_APPUITestsLaunchTests.swift */; };
		69F0A0322D29BA6E00563A6F /* MainTabView.swift in Sources */ = {isa = PBXBuildFile; fileRef = 69F0A0312D29BA6E00563A6F /* MainTabView.swift */; };
		69F0A0352D29BBBC00563A6F /* ProfileView.swift in Sources */ = {isa = PBXBuildFile; fileRef = 69F0A0342D29BBBC00563A6F /* ProfileView.swift */; };
		69F0A0372D29BBE000563A6F /* ProgressView.swift in Sources */ = {isa = PBXBuildFile; fileRef = 69F0A0362D29BBE000563A6F /* ProgressView.swift */; };
		69F0A03B2D29BC3400563A6F /* ComunityView.swift in Sources */ = {isa = PBXBuildFile; fileRef = 69F0A03A2D29BC3400563A6F /* ComunityView.swift */; };
		69F0A03E2D29BC9600563A6F /* FeedView.swift in Sources */ = {isa = PBXBuildFile; fileRef = 69F0A03D2D29BC9600563A6F /* FeedView.swift */; };
		69F0A0432D29BE4F00563A6F /* WorkoutStatsSubView.swift in Sources */ = {isa = PBXBuildFile; fileRef = 69F0A0422D29BE4F00563A6F /* WorkoutStatsSubView.swift */; };
		69F0A0452D29BEC200563A6F /* GoalStatusSubView.swift in Sources */ = {isa = PBXBuildFile; fileRef = 69F0A0442D29BEC200563A6F /* GoalStatusSubView.swift */; };
		69F0A0482D29C02500563A6F /* StartButtonSubView.swift in Sources */ = {isa = PBXBuildFile; fileRef = 69F0A0472D29C02500563A6F /* StartButtonSubView.swift */; };
		69F0A04A2D29C0A900563A6F /* ActivitySelectionSubView.swift in Sources */ = {isa = PBXBuildFile; fileRef = 69F0A0492D29C0A900563A6F /* ActivitySelectionSubView.swift */; };
		69F0A04C2D29C10000563A6F /* StatItemSubView.swift in Sources */ = {isa = PBXBuildFile; fileRef = 69F0A04B2D29C10000563A6F /* StatItemSubView.swift */; };
		69F0A04E2D29C19B00563A6F /* ActivityButtonSubView.swift in Sources */ = {isa = PBXBuildFile; fileRef = 69F0A04D2D29C19B00563A6F /* ActivityButtonSubView.swift */; };
		69F0A0512D29C28300563A6F /* Enums.swift in Sources */ = {isa = PBXBuildFile; fileRef = 69F0A0502D29C28300563A6F /* Enums.swift */; };
/* End PBXBuildFile section */

/* Begin PBXContainerItemProxy section */
		69F0A0152D29B8B200563A6F /* PBXContainerItemProxy */ = {
			isa = PBXContainerItemProxy;
			containerPortal = 69F09FFB2D29B8B000563A6F /* Project object */;
			proxyType = 1;
			remoteGlobalIDString = 69F0A0022D29B8B000563A6F;
			remoteInfo = "RUN APP";
		};
		69F0A01F2D29B8B200563A6F /* PBXContainerItemProxy */ = {
			isa = PBXContainerItemProxy;
			containerPortal = 69F09FFB2D29B8B000563A6F /* Project object */;
			proxyType = 1;
			remoteGlobalIDString = 69F0A0022D29B8B000563A6F;
			remoteInfo = "RUN APP";
		};
/* End PBXContainerItemProxy section */

/* Begin PBXFileReference section */
		69F0A0032D29B8B000563A6F /* RUN APP.app */ = {isa = PBXFileReference; explicitFileType = wrapper.application; includeInIndex = 0; path = "RUN APP.app"; sourceTree = BUILT_PRODUCTS_DIR; };
		69F0A0062D29B8B000563A6F /* RUN_APPApp.swift */ = {isa = PBXFileReference; lastKnownFileType = sourcecode.swift; path = RUN_APPApp.swift; sourceTree = "<group>"; };
		69F0A0082D29B8B000563A6F /* ActivityView.swift */ = {isa = PBXFileReference; lastKnownFileType = sourcecode.swift; path = ActivityView.swift; sourceTree = "<group>"; };
		69F0A00A2D29B8B100563A6F /* Assets.xcassets */ = {isa = PBXFileReference; lastKnownFileType = folder.assetcatalog; path = Assets.xcassets; sourceTree = "<group>"; };
		69F0A00C2D29B8B100563A6F /* RUN_APP.entitlements */ = {isa = PBXFileReference; lastKnownFileType = text.plist.entitlements; path = RUN_APP.entitlements; sourceTree = "<group>"; };
		69F0A00E2D29B8B100563A6F /* Preview Assets.xcassets */ = {isa = PBXFileReference; lastKnownFileType = folder.assetcatalog; path = "Preview Assets.xcassets"; sourceTree = "<group>"; };
		69F0A0142D29B8B200563A6F /* RUN APPTests.xctest */ = {isa = PBXFileReference; explicitFileType = wrapper.cfbundle; includeInIndex = 0; path = "RUN APPTests.xctest"; sourceTree = BUILT_PRODUCTS_DIR; };
		69F0A0182D29B8B200563A6F /* RUN_APPTests.swift */ = {isa = PBXFileReference; lastKnownFileType = sourcecode.swift; path = RUN_APPTests.swift; sourceTree = "<group>"; };
		69F0A01E2D29B8B200563A6F /* RUN APPUITests.xctest */ = {isa = PBXFileReference; explicitFileType = wrapper.cfbundle; includeInIndex = 0; path = "RUN APPUITests.xctest"; sourceTree = BUILT_PRODUCTS_DIR; };
		69F0A0222D29B8B200563A6F /* RUN_APPUITests.swift */ = {isa = PBXFileReference; lastKnownFileType = sourcecode.swift; path = RUN_APPUITests.swift; sourceTree = "<group>"; };
		69F0A0242D29B8B200563A6F /* RUN_APPUITestsLaunchTests.swift */ = {isa = PBXFileReference; lastKnownFileType = sourcecode.swift; path = RUN_APPUITestsLaunchTests.swift; sourceTree = "<group>"; };
		69F0A0312D29BA6E00563A6F /* MainTabView.swift */ = {isa = PBXFileReference; lastKnownFileType = sourcecode.swift; path = MainTabView.swift; sourceTree = "<group>"; };
		69F0A0342D29BBBC00563A6F /* ProfileView.swift */ = {isa = PBXFileReference; lastKnownFileType = sourcecode.swift; path = ProfileView.swift; sourceTree = "<group>"; };
		69F0A0362D29BBE000563A6F /* ProgressView.swift */ = {isa = PBXFileReference; lastKnownFileType = sourcecode.swift; path = ProgressView.swift; sourceTree = "<group>"; };
		69F0A03A2D29BC3400563A6F /* ComunityView.swift */ = {isa = PBXFileReference; lastKnownFileType = sourcecode.swift; path = ComunityView.swift; sourceTree = "<group>"; };
		69F0A03D2D29BC9600563A6F /* FeedView.swift */ = {isa = PBXFileReference; lastKnownFileType = sourcecode.swift; path = FeedView.swift; sourceTree = "<group>"; };
		69F0A0422D29BE4F00563A6F /* WorkoutStatsSubView.swift */ = {isa = PBXFileReference; lastKnownFileType = sourcecode.swift; path = WorkoutStatsSubView.swift; sourceTree = "<group>"; };
		69F0A0442D29BEC200563A6F /* GoalStatusSubView.swift */ = {isa = PBXFileReference; lastKnownFileType = sourcecode.swift; path = GoalStatusSubView.swift; sourceTree = "<group>"; };
		69F0A0462D29BF2300563A6F /* README.md */ = {isa = PBXFileReference; lastKnownFileType = net.daringfireball.markdown; path = README.md; sourceTree = "<group>"; };
		69F0A0472D29C02500563A6F /* StartButtonSubView.swift */ = {isa = PBXFileReference; lastKnownFileType = sourcecode.swift; path = StartButtonSubView.swift; sourceTree = "<group>"; };
		69F0A0492D29C0A900563A6F /* ActivitySelectionSubView.swift */ = {isa = PBXFileReference; lastKnownFileType = sourcecode.swift; path = ActivitySelectionSubView.swift; sourceTree = "<group>"; };
		69F0A04B2D29C10000563A6F /* StatItemSubView.swift */ = {isa = PBXFileReference; lastKnownFileType = sourcecode.swift; path = StatItemSubView.swift; sourceTree = "<group>"; };
		69F0A04D2D29C19B00563A6F /* ActivityButtonSubView.swift */ = {isa = PBXFileReference; lastKnownFileType = sourcecode.swift; path = ActivityButtonSubView.swift; sourceTree = "<group>"; };
		69F0A0502D29C28300563A6F /* Enums.swift */ = {isa = PBXFileReference; lastKnownFileType = sourcecode.swift; path = Enums.swift; sourceTree = "<group>"; };
/* End PBXFileReference section */

/* Begin PBXFrameworksBuildPhase section */
		69F0A0002D29B8B000563A6F /* Frameworks */ = {
			isa = PBXFrameworksBuildPhase;
			buildActionMask = 2147483647;
			files = (
			);
			runOnlyForDeploymentPostprocessing = 0;
		};
		69F0A0112D29B8B200563A6F /* Frameworks */ = {
			isa = PBXFrameworksBuildPhase;
			buildActionMask = 2147483647;
			files = (
			);
			runOnlyForDeploymentPostprocessing = 0;
		};
		69F0A01B2D29B8B200563A6F /* Frameworks */ = {
			isa = PBXFrameworksBuildPhase;
			buildActionMask = 2147483647;
			files = (
			);
			runOnlyForDeploymentPostprocessing = 0;
		};
/* End PBXFrameworksBuildPhase section */

/* Begin PBXGroup section */
		69F09FFA2D29B8B000563A6F = {
			isa = PBXGroup;
			children = (
				69F0A0462D29BF2300563A6F /* README.md */,
				69F0A0052D29B8B000563A6F /* RUN APP */,
				69F0A0172D29B8B200563A6F /* RUN APPTests */,
				69F0A0212D29B8B200563A6F /* RUN APPUITests */,
				69F0A0042D29B8B000563A6F /* Products */,
			);
			sourceTree = "<group>";
		};
		69F0A0042D29B8B000563A6F /* Products */ = {
			isa = PBXGroup;
			children = (
				69F0A0032D29B8B000563A6F /* RUN APP.app */,
				69F0A0142D29B8B200563A6F /* RUN APPTests.xctest */,
				69F0A01E2D29B8B200563A6F /* RUN APPUITests.xctest */,
			);
			name = Products;
			sourceTree = "<group>";
		};
		69F0A0052D29B8B000563A6F /* RUN APP */ = {
			isa = PBXGroup;
			children = (
				69F0A04F2D29C26D00563A6F /* Helper */,
				69F0A03F2D29BDE400563A6F /* Views */,
				69F0A00D2D29B8B100563A6F /* Preview Content */,
				69F0A0062D29B8B000563A6F /* RUN_APPApp.swift */,
				69F0A0312D29BA6E00563A6F /* MainTabView.swift */,
				69F0A00A2D29B8B100563A6F /* Assets.xcassets */,
				69F0A00C2D29B8B100563A6F /* RUN_APP.entitlements */,
			);
			path = "RUN APP";
			sourceTree = "<group>";
		};
		69F0A00D2D29B8B100563A6F /* Preview Content */ = {
			isa = PBXGroup;
			children = (
				69F0A00E2D29B8B100563A6F /* Preview Assets.xcassets */,
			);
			path = "Preview Content";
			sourceTree = "<group>";
		};
		69F0A0172D29B8B200563A6F /* RUN APPTests */ = {
			isa = PBXGroup;
			children = (
				69F0A0182D29B8B200563A6F /* RUN_APPTests.swift */,
			);
			path = "RUN APPTests";
			sourceTree = "<group>";
		};
		69F0A0212D29B8B200563A6F /* RUN APPUITests */ = {
			isa = PBXGroup;
			children = (
				69F0A0222D29B8B200563A6F /* RUN_APPUITests.swift */,
				69F0A0242D29B8B200563A6F /* RUN_APPUITestsLaunchTests.swift */,
			);
			path = "RUN APPUITests";
			sourceTree = "<group>";
		};
		69F0A0332D29BBAD00563A6F /* Profile */ = {
			isa = PBXGroup;
			children = (
				69F0A0342D29BBBC00563A6F /* ProfileView.swift */,
			);
			path = Profile;
			sourceTree = "<group>";
		};
		69F0A0382D29BC0900563A6F /* Progress */ = {
			isa = PBXGroup;
			children = (
				69F0A0362D29BBE000563A6F /* ProgressView.swift */,
			);
			path = Progress;
			sourceTree = "<group>";
		};
		69F0A0392D29BC1D00563A6F /* Comunity */ = {
			isa = PBXGroup;
			children = (
				69F0A03A2D29BC3400563A6F /* ComunityView.swift */,
			);
			path = Comunity;
			sourceTree = "<group>";
		};
		69F0A03C2D29BC8A00563A6F /* Feed */ = {
			isa = PBXGroup;
			children = (
				69F0A03D2D29BC9600563A6F /* FeedView.swift */,
			);
			path = Feed;
			sourceTree = "<group>";
		};
		69F0A03F2D29BDE400563A6F /* Views */ = {
			isa = PBXGroup;
			children = (
				69F0A0402D29BE2600563A6F /* Activity */,
				69F0A0332D29BBAD00563A6F /* Profile */,
				69F0A0382D29BC0900563A6F /* Progress */,
				69F0A03C2D29BC8A00563A6F /* Feed */,
				69F0A0392D29BC1D00563A6F /* Comunity */,
			);
			path = Views;
			sourceTree = "<group>";
		};
		69F0A0402D29BE2600563A6F /* Activity */ = {
			isa = PBXGroup;
			children = (
				69F0A0082D29B8B000563A6F /* ActivityView.swift */,
				69F0A0412D29BE3400563A6F /* SubViews */,
			);
			path = Activity;
			sourceTree = "<group>";
		};
		69F0A0412D29BE3400563A6F /* SubViews */ = {
			isa = PBXGroup;
			children = (
				69F0A0422D29BE4F00563A6F /* WorkoutStatsSubView.swift */,
				69F0A0442D29BEC200563A6F /* GoalStatusSubView.swift */,
				69F0A0472D29C02500563A6F /* StartButtonSubView.swift */,
				69F0A0492D29C0A900563A6F /* ActivitySelectionSubView.swift */,
				69F0A04B2D29C10000563A6F /* StatItemSubView.swift */,
				69F0A04D2D29C19B00563A6F /* ActivityButtonSubView.swift */,
			);
			path = SubViews;
			sourceTree = "<group>";
		};
		69F0A04F2D29C26D00563A6F /* Helper */ = {
			isa = PBXGroup;
			children = (
				69F0A0502D29C28300563A6F /* Enums.swift */,
			);
			path = Helper;
			sourceTree = "<group>";
		};
/* End PBXGroup section */

/* Begin PBXNativeTarget section */
		69F0A0022D29B8B000563A6F /* RUN APP */ = {
			isa = PBXNativeTarget;
			buildConfigurationList = 69F0A0282D29B8B200563A6F /* Build configuration list for PBXNativeTarget "RUN APP" */;
			buildPhases = (
				69F09FFF2D29B8B000563A6F /* Sources */,
				69F0A0002D29B8B000563A6F /* Frameworks */,
				69F0A0012D29B8B000563A6F /* Resources */,
			);
			buildRules = (
			);
			dependencies = (
			);
			name = "RUN APP";
			productName = "RUN APP";
			productReference = 69F0A0032D29B8B000563A6F /* RUN APP.app */;
			productType = "com.apple.product-type.application";
		};
		69F0A0132D29B8B200563A6F /* RUN APPTests */ = {
			isa = PBXNativeTarget;
			buildConfigurationList = 69F0A02B2D29B8B200563A6F /* Build configuration list for PBXNativeTarget "RUN APPTests" */;
			buildPhases = (
				69F0A0102D29B8B200563A6F /* Sources */,
				69F0A0112D29B8B200563A6F /* Frameworks */,
				69F0A0122D29B8B200563A6F /* Resources */,
			);
			buildRules = (
			);
			dependencies = (
				69F0A0162D29B8B200563A6F /* PBXTargetDependency */,
			);
			name = "RUN APPTests";
			productName = "RUN APPTests";
			productReference = 69F0A0142D29B8B200563A6F /* RUN APPTests.xctest */;
			productType = "com.apple.product-type.bundle.unit-test";
		};
		69F0A01D2D29B8B200563A6F /* RUN APPUITests */ = {
			isa = PBXNativeTarget;
			buildConfigurationList = 69F0A02E2D29B8B200563A6F /* Build configuration list for PBXNativeTarget "RUN APPUITests" */;
			buildPhases = (
				69F0A01A2D29B8B200563A6F /* Sources */,
				69F0A01B2D29B8B200563A6F /* Frameworks */,
				69F0A01C2D29B8B200563A6F /* Resources */,
			);
			buildRules = (
			);
			dependencies = (
				69F0A0202D29B8B200563A6F /* PBXTargetDependency */,
			);
			name = "RUN APPUITests";
			productName = "RUN APPUITests";
			productReference = 69F0A01E2D29B8B200563A6F /* RUN APPUITests.xctest */;
			productType = "com.apple.product-type.bundle.ui-testing";
		};
/* End PBXNativeTarget section */

/* Begin PBXProject section */
		69F09FFB2D29B8B000563A6F /* Project object */ = {
			isa = PBXProject;
			attributes = {
				BuildIndependentTargetsInParallel = 1;
				LastSwiftUpdateCheck = 1540;
				LastUpgradeCheck = 1540;
				TargetAttributes = {
					69F0A0022D29B8B000563A6F = {
						CreatedOnToolsVersion = 15.4;
					};
					69F0A0132D29B8B200563A6F = {
						CreatedOnToolsVersion = 15.4;
						TestTargetID = 69F0A0022D29B8B000563A6F;
					};
					69F0A01D2D29B8B200563A6F = {
						CreatedOnToolsVersion = 15.4;
						TestTargetID = 69F0A0022D29B8B000563A6F;
					};
				};
			};
			buildConfigurationList = 69F09FFE2D29B8B000563A6F /* Build configuration list for PBXProject "RUN APP" */;
			compatibilityVersion = "Xcode 14.0";
			developmentRegion = en;
			hasScannedForEncodings = 0;
			knownRegions = (
				en,
				Base,
			);
			mainGroup = 69F09FFA2D29B8B000563A6F;
			productRefGroup = 69F0A0042D29B8B000563A6F /* Products */;
			projectDirPath = "";
			projectRoot = "";
			targets = (
				69F0A0022D29B8B000563A6F /* RUN APP */,
				69F0A0132D29B8B200563A6F /* RUN APPTests */,
				69F0A01D2D29B8B200563A6F /* RUN APPUITests */,
			);
		};
/* End PBXProject section */

/* Begin PBXResourcesBuildPhase section */
		69F0A0012D29B8B000563A6F /* Resources */ = {
			isa = PBXResourcesBuildPhase;
			buildActionMask = 2147483647;
			files = (
				69F0A00F2D29B8B100563A6F /* Preview Assets.xcassets in Resources */,
				69F0A00B2D29B8B100563A6F /* Assets.xcassets in Resources */,
			);
			runOnlyForDeploymentPostprocessing = 0;
		};
		69F0A0122D29B8B200563A6F /* Resources */ = {
			isa = PBXResourcesBuildPhase;
			buildActionMask = 2147483647;
			files = (
			);
			runOnlyForDeploymentPostprocessing = 0;
		};
		69F0A01C2D29B8B200563A6F /* Resources */ = {
			isa = PBXResourcesBuildPhase;
			buildActionMask = 2147483647;
			files = (
			);
			runOnlyForDeploymentPostprocessing = 0;
		};
/* End PBXResourcesBuildPhase section */

/* Begin PBXSourcesBuildPhase section */
		69F09FFF2D29B8B000563A6F /* Sources */ = {
			isa = PBXSourcesBuildPhase;
			buildActionMask = 2147483647;
			files = (
				69F0A0482D29C02500563A6F /* StartButtonSubView.swift in Sources */,
				69F0A0452D29BEC200563A6F /* GoalStatusSubView.swift in Sources */,
				69F0A03E2D29BC9600563A6F /* FeedView.swift in Sources */,
				69F0A04E2D29C19B00563A6F /* ActivityButtonSubView.swift in Sources */,
				69F0A0512D29C28300563A6F /* Enums.swift in Sources */,
				69F0A03B2D29BC3400563A6F /* ComunityView.swift in Sources */,
				69F0A0352D29BBBC00563A6F /* ProfileView.swift in Sources */,
				69F0A0432D29BE4F00563A6F /* WorkoutStatsSubView.swift in Sources */,
				69F0A0092D29B8B000563A6F /* ActivityView.swift in Sources */,
				69F0A0372D29BBE000563A6F /* ProgressView.swift in Sources */,
				69F0A04C2D29C10000563A6F /* StatItemSubView.swift in Sources */,
				69F0A04A2D29C0A900563A6F /* ActivitySelectionSubView.swift in Sources */,
				69F0A0072D29B8B000563A6F /* RUN_APPApp.swift in Sources */,
				69F0A0322D29BA6E00563A6F /* MainTabView.swift in Sources */,
			);
			runOnlyForDeploymentPostprocessing = 0;
		};
		69F0A0102D29B8B200563A6F /* Sources */ = {
			isa = PBXSourcesBuildPhase;
			buildActionMask = 2147483647;
			files = (
				69F0A0192D29B8B200563A6F /* RUN_APPTests.swift in Sources */,
			);
			runOnlyForDeploymentPostprocessing = 0;
		};
		69F0A01A2D29B8B200563A6F /* Sources */ = {
			isa = PBXSourcesBuildPhase;
			buildActionMask = 2147483647;
			files = (
				69F0A0252D29B8B200563A6F /* RUN_APPUITestsLaunchTests.swift in Sources */,
				69F0A0232D29B8B200563A6F /* RUN_APPUITests.swift in Sources */,
			);
			runOnlyForDeploymentPostprocessing = 0;
		};
/* End PBXSourcesBuildPhase section */

/* Begin PBXTargetDependency section */
		69F0A0162D29B8B200563A6F /* PBXTargetDependency */ = {
			isa = PBXTargetDependency;
			target = 69F0A0022D29B8B000563A6F /* RUN APP */;
			targetProxy = 69F0A0152D29B8B200563A6F /* PBXContainerItemProxy */;
		};
		69F0A0202D29B8B200563A6F /* PBXTargetDependency */ = {
			isa = PBXTargetDependency;
			target = 69F0A0022D29B8B000563A6F /* RUN APP */;
			targetProxy = 69F0A01F2D29B8B200563A6F /* PBXContainerItemProxy */;
		};
/* End PBXTargetDependency section */

/* Begin XCBuildConfiguration section */
		69F0A0262D29B8B200563A6F /* Debug */ = {
			isa = XCBuildConfiguration;
			buildSettings = {
				ALWAYS_SEARCH_USER_PATHS = NO;
				ASSETCATALOG_COMPILER_GENERATE_SWIFT_ASSET_SYMBOL_EXTENSIONS = YES;
				CLANG_ANALYZER_NONNULL = YES;
				CLANG_ANALYZER_NUMBER_OBJECT_CONVERSION = YES_AGGRESSIVE;
				CLANG_CXX_LANGUAGE_STANDARD = "gnu++20";
				CLANG_ENABLE_MODULES = YES;
				CLANG_ENABLE_OBJC_ARC = YES;
				CLANG_ENABLE_OBJC_WEAK = YES;
				CLANG_WARN_BLOCK_CAPTURE_AUTORELEASING = YES;
				CLANG_WARN_BOOL_CONVERSION = YES;
				CLANG_WARN_COMMA = YES;
				CLANG_WARN_CONSTANT_CONVERSION = YES;
				CLANG_WARN_DEPRECATED_OBJC_IMPLEMENTATIONS = YES;
				CLANG_WARN_DIRECT_OBJC_ISA_USAGE = YES_ERROR;
				CLANG_WARN_DOCUMENTATION_COMMENTS = YES;
				CLANG_WARN_EMPTY_BODY = YES;
				CLANG_WARN_ENUM_CONVERSION = YES;
				CLANG_WARN_INFINITE_RECURSION = YES;
				CLANG_WARN_INT_CONVERSION = YES;
				CLANG_WARN_NON_LITERAL_NULL_CONVERSION = YES;
				CLANG_WARN_OBJC_IMPLICIT_RETAIN_SELF = YES;
				CLANG_WARN_OBJC_LITERAL_CONVERSION = YES;
				CLANG_WARN_OBJC_ROOT_CLASS = YES_ERROR;
				CLANG_WARN_QUOTED_INCLUDE_IN_FRAMEWORK_HEADER = YES;
				CLANG_WARN_RANGE_LOOP_ANALYSIS = YES;
				CLANG_WARN_STRICT_PROTOTYPES = YES;
				CLANG_WARN_SUSPICIOUS_MOVE = YES;
				CLANG_WARN_UNGUARDED_AVAILABILITY = YES_AGGRESSIVE;
				CLANG_WARN_UNREACHABLE_CODE = YES;
				CLANG_WARN__DUPLICATE_METHOD_MATCH = YES;
				COPY_PHASE_STRIP = NO;
				DEBUG_INFORMATION_FORMAT = dwarf;
				ENABLE_STRICT_OBJC_MSGSEND = YES;
				ENABLE_TESTABILITY = YES;
				ENABLE_USER_SCRIPT_SANDBOXING = YES;
				GCC_C_LANGUAGE_STANDARD = gnu17;
				GCC_DYNAMIC_NO_PIC = NO;
				GCC_NO_COMMON_BLOCKS = YES;
				GCC_OPTIMIZATION_LEVEL = 0;
				GCC_PREPROCESSOR_DEFINITIONS = (
					"DEBUG=1",
					"$(inherited)",
				);
				GCC_WARN_64_TO_32_BIT_CONVERSION = YES;
				GCC_WARN_ABOUT_RETURN_TYPE = YES_ERROR;
				GCC_WARN_UNDECLARED_SELECTOR = YES;
				GCC_WARN_UNINITIALIZED_AUTOS = YES_AGGRESSIVE;
				GCC_WARN_UNUSED_FUNCTION = YES;
				GCC_WARN_UNUSED_VARIABLE = YES;
				LOCALIZATION_PREFERS_STRING_CATALOGS = YES;
				MTL_ENABLE_DEBUG_INFO = INCLUDE_SOURCE;
				MTL_FAST_MATH = YES;
				ONLY_ACTIVE_ARCH = YES;
				SWIFT_ACTIVE_COMPILATION_CONDITIONS = "DEBUG $(inherited)";
				SWIFT_OPTIMIZATION_LEVEL = "-Onone";
			};
			name = Debug;
		};
		69F0A0272D29B8B200563A6F /* Release */ = {
			isa = XCBuildConfiguration;
			buildSettings = {
				ALWAYS_SEARCH_USER_PATHS = NO;
				ASSETCATALOG_COMPILER_GENERATE_SWIFT_ASSET_SYMBOL_EXTENSIONS = YES;
				CLANG_ANALYZER_NONNULL = YES;
				CLANG_ANALYZER_NUMBER_OBJECT_CONVERSION = YES_AGGRESSIVE;
				CLANG_CXX_LANGUAGE_STANDARD = "gnu++20";
				CLANG_ENABLE_MODULES = YES;
				CLANG_ENABLE_OBJC_ARC = YES;
				CLANG_ENABLE_OBJC_WEAK = YES;
				CLANG_WARN_BLOCK_CAPTURE_AUTORELEASING = YES;
				CLANG_WARN_BOOL_CONVERSION = YES;
				CLANG_WARN_COMMA = YES;
				CLANG_WARN_CONSTANT_CONVERSION = YES;
				CLANG_WARN_DEPRECATED_OBJC_IMPLEMENTATIONS = YES;
				CLANG_WARN_DIRECT_OBJC_ISA_USAGE = YES_ERROR;
				CLANG_WARN_DOCUMENTATION_COMMENTS = YES;
				CLANG_WARN_EMPTY_BODY = YES;
				CLANG_WARN_ENUM_CONVERSION = YES;
				CLANG_WARN_INFINITE_RECURSION = YES;
				CLANG_WARN_INT_CONVERSION = YES;
				CLANG_WARN_NON_LITERAL_NULL_CONVERSION = YES;
				CLANG_WARN_OBJC_IMPLICIT_RETAIN_SELF = YES;
				CLANG_WARN_OBJC_LITERAL_CONVERSION = YES;
				CLANG_WARN_OBJC_ROOT_CLASS = YES_ERROR;
				CLANG_WARN_QUOTED_INCLUDE_IN_FRAMEWORK_HEADER = YES;
				CLANG_WARN_RANGE_LOOP_ANALYSIS = YES;
				CLANG_WARN_STRICT_PROTOTYPES = YES;
				CLANG_WARN_SUSPICIOUS_MOVE = YES;
				CLANG_WARN_UNGUARDED_AVAILABILITY = YES_AGGRESSIVE;
				CLANG_WARN_UNREACHABLE_CODE = YES;
				CLANG_WARN__DUPLICATE_METHOD_MATCH = YES;
				COPY_PHASE_STRIP = NO;
				DEBUG_INFORMATION_FORMAT = "dwarf-with-dsym";
				ENABLE_NS_ASSERTIONS = NO;
				ENABLE_STRICT_OBJC_MSGSEND = YES;
				ENABLE_USER_SCRIPT_SANDBOXING = YES;
				GCC_C_LANGUAGE_STANDARD = gnu17;
				GCC_NO_COMMON_BLOCKS = YES;
				GCC_WARN_64_TO_32_BIT_CONVERSION = YES;
				GCC_WARN_ABOUT_RETURN_TYPE = YES_ERROR;
				GCC_WARN_UNDECLARED_SELECTOR = YES;
				GCC_WARN_UNINITIALIZED_AUTOS = YES_AGGRESSIVE;
				GCC_WARN_UNUSED_FUNCTION = YES;
				GCC_WARN_UNUSED_VARIABLE = YES;
				LOCALIZATION_PREFERS_STRING_CATALOGS = YES;
				MTL_ENABLE_DEBUG_INFO = NO;
				MTL_FAST_MATH = YES;
				SWIFT_COMPILATION_MODE = wholemodule;
			};
			name = Release;
		};
		69F0A0292D29B8B200563A6F /* Debug */ = {
			isa = XCBuildConfiguration;
			buildSettings = {
				ASSETCATALOG_COMPILER_APPICON_NAME = AppIcon;
				ASSETCATALOG_COMPILER_GLOBAL_ACCENT_COLOR_NAME = AccentColor;
				CODE_SIGN_ENTITLEMENTS = "RUN APP/RUN_APP.entitlements";
				CODE_SIGN_STYLE = Automatic;
				CURRENT_PROJECT_VERSION = 1;
				DEVELOPMENT_ASSET_PATHS = "\"RUN APP/Preview Content\"";
				DEVELOPMENT_TEAM = 9G888JR76L;
				ENABLE_HARDENED_RUNTIME = YES;
				ENABLE_PREVIEWS = YES;
				GENERATE_INFOPLIST_FILE = YES;
				"INFOPLIST_KEY_UIApplicationSceneManifest_Generation[sdk=iphoneos*]" = YES;
				"INFOPLIST_KEY_UIApplicationSceneManifest_Generation[sdk=iphonesimulator*]" = YES;
				"INFOPLIST_KEY_UIApplicationSupportsIndirectInputEvents[sdk=iphoneos*]" = YES;
				"INFOPLIST_KEY_UIApplicationSupportsIndirectInputEvents[sdk=iphonesimulator*]" = YES;
				"INFOPLIST_KEY_UILaunchScreen_Generation[sdk=iphoneos*]" = YES;
				"INFOPLIST_KEY_UILaunchScreen_Generation[sdk=iphonesimulator*]" = YES;
				"INFOPLIST_KEY_UIStatusBarStyle[sdk=iphoneos*]" = UIStatusBarStyleDefault;
				"INFOPLIST_KEY_UIStatusBarStyle[sdk=iphonesimulator*]" = UIStatusBarStyleDefault;
				INFOPLIST_KEY_UISupportedInterfaceOrientations_iPad = "UIInterfaceOrientationPortrait UIInterfaceOrientationPortraitUpsideDown UIInterfaceOrientationLandscapeLeft UIInterfaceOrientationLandscapeRight";
				INFOPLIST_KEY_UISupportedInterfaceOrientations_iPhone = "UIInterfaceOrientationPortrait UIInterfaceOrientationLandscapeLeft UIInterfaceOrientationLandscapeRight";
				IPHONEOS_DEPLOYMENT_TARGET = 17.5;
				LD_RUNPATH_SEARCH_PATHS = "@executable_path/Frameworks";
				"LD_RUNPATH_SEARCH_PATHS[sdk=macosx*]" = "@executable_path/../Frameworks";
				MACOSX_DEPLOYMENT_TARGET = 14.5;
				MARKETING_VERSION = 1.0;
				PRODUCT_BUNDLE_IDENTIFIER = "com.jairramirezgaston.RUN-APP";
				PRODUCT_NAME = "$(TARGET_NAME)";
				SDKROOT = auto;
				SUPPORTED_PLATFORMS = "iphoneos iphonesimulator macosx";
				SWIFT_EMIT_LOC_STRINGS = YES;
				SWIFT_VERSION = 5.0;
				TARGETED_DEVICE_FAMILY = "1,2";
			};
			name = Debug;
		};
		69F0A02A2D29B8B200563A6F /* Release */ = {
			isa = XCBuildConfiguration;
			buildSettings = {
				ASSETCATALOG_COMPILER_APPICON_NAME = AppIcon;
				ASSETCATALOG_COMPILER_GLOBAL_ACCENT_COLOR_NAME = AccentColor;
				CODE_SIGN_ENTITLEMENTS = "RUN APP/RUN_APP.entitlements";
				CODE_SIGN_STYLE = Automatic;
				CURRENT_PROJECT_VERSION = 1;
				DEVELOPMENT_ASSET_PATHS = "\"RUN APP/Preview Content\"";
				DEVELOPMENT_TEAM = 9G888JR76L;
				ENABLE_HARDENED_RUNTIME = YES;
				ENABLE_PREVIEWS = YES;
				GENERATE_INFOPLIST_FILE = YES;
				"INFOPLIST_KEY_UIApplicationSceneManifest_Generation[sdk=iphoneos*]" = YES;
				"INFOPLIST_KEY_UIApplicationSceneManifest_Generation[sdk=iphonesimulator*]" = YES;
				"INFOPLIST_KEY_UIApplicationSupportsIndirectInputEvents[sdk=iphoneos*]" = YES;
				"INFOPLIST_KEY_UIApplicationSupportsIndirectInputEvents[sdk=iphonesimulator*]" = YES;
				"INFOPLIST_KEY_UILaunchScreen_Generation[sdk=iphoneos*]" = YES;
				"INFOPLIST_KEY_UILaunchScreen_Generation[sdk=iphonesimulator*]" = YES;
				"INFOPLIST_KEY_UIStatusBarStyle[sdk=iphoneos*]" = UIStatusBarStyleDefault;
				"INFOPLIST_KEY_UIStatusBarStyle[sdk=iphonesimulator*]" = UIStatusBarStyleDefault;
				INFOPLIST_KEY_UISupportedInterfaceOrientations_iPad = "UIInterfaceOrientationPortrait UIInterfaceOrientationPortraitUpsideDown UIInterfaceOrientationLandscapeLeft UIInterfaceOrientationLandscapeRight";
				INFOPLIST_KEY_UISupportedInterfaceOrientations_iPhone = "UIInterfaceOrientationPortrait UIInterfaceOrientationLandscapeLeft UIInterfaceOrientationLandscapeRight";
				IPHONEOS_DEPLOYMENT_TARGET = 17.5;
				LD_RUNPATH_SEARCH_PATHS = "@executable_path/Frameworks";
				"LD_RUNPATH_SEARCH_PATHS[sdk=macosx*]" = "@executable_path/../Frameworks";
				MACOSX_DEPLOYMENT_TARGET = 14.5;
				MARKETING_VERSION = 1.0;
				PRODUCT_BUNDLE_IDENTIFIER = "com.jairramirezgaston.RUN-APP";
				PRODUCT_NAME = "$(TARGET_NAME)";
				SDKROOT = auto;
				SUPPORTED_PLATFORMS = "iphoneos iphonesimulator macosx";
				SWIFT_EMIT_LOC_STRINGS = YES;
				SWIFT_VERSION = 5.0;
				TARGETED_DEVICE_FAMILY = "1,2";
			};
			name = Release;
		};
		69F0A02C2D29B8B200563A6F /* Debug */ = {
			isa = XCBuildConfiguration;
			buildSettings = {
				ALWAYS_EMBED_SWIFT_STANDARD_LIBRARIES = YES;
				BUNDLE_LOADER = "$(TEST_HOST)";
				CODE_SIGN_STYLE = Automatic;
				CURRENT_PROJECT_VERSION = 1;
				DEVELOPMENT_TEAM = 9G888JR76L;
				GENERATE_INFOPLIST_FILE = YES;
				IPHONEOS_DEPLOYMENT_TARGET = 17.5;
				MACOSX_DEPLOYMENT_TARGET = 14.5;
				MARKETING_VERSION = 1.0;
				PRODUCT_BUNDLE_IDENTIFIER = "com.jairramirezgaston.RUN-APPTests";
				PRODUCT_NAME = "$(TARGET_NAME)";
				SDKROOT = auto;
				SUPPORTED_PLATFORMS = "iphoneos iphonesimulator macosx";
				SWIFT_EMIT_LOC_STRINGS = NO;
				SWIFT_VERSION = 5.0;
				TARGETED_DEVICE_FAMILY = "1,2";
				TEST_HOST = "$(BUILT_PRODUCTS_DIR)/RUN APP.app/$(BUNDLE_EXECUTABLE_FOLDER_PATH)/RUN APP";
			};
			name = Debug;
		};
		69F0A02D2D29B8B200563A6F /* Release */ = {
			isa = XCBuildConfiguration;
			buildSettings = {
				ALWAYS_EMBED_SWIFT_STANDARD_LIBRARIES = YES;
				BUNDLE_LOADER = "$(TEST_HOST)";
				CODE_SIGN_STYLE = Automatic;
				CURRENT_PROJECT_VERSION = 1;
				DEVELOPMENT_TEAM = 9G888JR76L;
				GENERATE_INFOPLIST_FILE = YES;
				IPHONEOS_DEPLOYMENT_TARGET = 17.5;
				MACOSX_DEPLOYMENT_TARGET = 14.5;
				MARKETING_VERSION = 1.0;
				PRODUCT_BUNDLE_IDENTIFIER = "com.jairramirezgaston.RUN-APPTests";
				PRODUCT_NAME = "$(TARGET_NAME)";
				SDKROOT = auto;
				SUPPORTED_PLATFORMS = "iphoneos iphonesimulator macosx";
				SWIFT_EMIT_LOC_STRINGS = NO;
				SWIFT_VERSION = 5.0;
				TARGETED_DEVICE_FAMILY = "1,2";
				TEST_HOST = "$(BUILT_PRODUCTS_DIR)/RUN APP.app/$(BUNDLE_EXECUTABLE_FOLDER_PATH)/RUN APP";
			};
			name = Release;
		};
		69F0A02F2D29B8B200563A6F /* Debug */ = {
			isa = XCBuildConfiguration;
			buildSettings = {
				ALWAYS_EMBED_SWIFT_STANDARD_LIBRARIES = YES;
				CODE_SIGN_STYLE = Automatic;
				CURRENT_PROJECT_VERSION = 1;
				DEVELOPMENT_TEAM = 9G888JR76L;
				GENERATE_INFOPLIST_FILE = YES;
				IPHONEOS_DEPLOYMENT_TARGET = 17.5;
				MACOSX_DEPLOYMENT_TARGET = 14.5;
				MARKETING_VERSION = 1.0;
				PRODUCT_BUNDLE_IDENTIFIER = "com.jairramirezgaston.RUN-APPUITests";
				PRODUCT_NAME = "$(TARGET_NAME)";
				SDKROOT = auto;
				SUPPORTED_PLATFORMS = "iphoneos iphonesimulator macosx";
				SWIFT_EMIT_LOC_STRINGS = NO;
				SWIFT_VERSION = 5.0;
				TARGETED_DEVICE_FAMILY = "1,2";
				TEST_TARGET_NAME = "RUN APP";
			};
			name = Debug;
		};
		69F0A0302D29B8B200563A6F /* Release */ = {
			isa = XCBuildConfiguration;
			buildSettings = {
				ALWAYS_EMBED_SWIFT_STANDARD_LIBRARIES = YES;
				CODE_SIGN_STYLE = Automatic;
				CURRENT_PROJECT_VERSION = 1;
				DEVELOPMENT_TEAM = 9G888JR76L;
				GENERATE_INFOPLIST_FILE = YES;
				IPHONEOS_DEPLOYMENT_TARGET = 17.5;
				MACOSX_DEPLOYMENT_TARGET = 14.5;
				MARKETING_VERSION = 1.0;
				PRODUCT_BUNDLE_IDENTIFIER = "com.jairramirezgaston.RUN-APPUITests";
				PRODUCT_NAME = "$(TARGET_NAME)";
				SDKROOT = auto;
				SUPPORTED_PLATFORMS = "iphoneos iphonesimulator macosx";
				SWIFT_EMIT_LOC_STRINGS = NO;
				SWIFT_VERSION = 5.0;
				TARGETED_DEVICE_FAMILY = "1,2";
				TEST_TARGET_NAME = "RUN APP";
			};
			name = Release;
		};
/* End XCBuildConfiguration section */

/* Begin XCConfigurationList section */
		69F09FFE2D29B8B000563A6F /* Build configuration list for PBXProject "RUN APP" */ = {
			isa = XCConfigurationList;
			buildConfigurations = (
				69F0A0262D29B8B200563A6F /* Debug */,
				69F0A0272D29B8B200563A6F /* Release */,
			);
			defaultConfigurationIsVisible = 0;
			defaultConfigurationName = Release;
		};
		69F0A0282D29B8B200563A6F /* Build configuration list for PBXNativeTarget "RUN APP" */ = {
			isa = XCConfigurationList;
			buildConfigurations = (
				69F0A0292D29B8B200563A6F /* Debug */,
				69F0A02A2D29B8B200563A6F /* Release */,
			);
			defaultConfigurationIsVisible = 0;
			defaultConfigurationName = Release;
		};
		69F0A02B2D29B8B200563A6F /* Build configuration list for PBXNativeTarget "RUN APPTests" */ = {
			isa = XCConfigurationList;
			buildConfigurations = (
				69F0A02C2D29B8B200563A6F /* Debug */,
				69F0A02D2D29B8B200563A6F /* Release */,
			);
			defaultConfigurationIsVisible = 0;
			defaultConfigurationName = Release;
		};
		69F0A02E2D29B8B200563A6F /* Build configuration list for PBXNativeTarget "RUN APPUITests" */ = {
			isa = XCConfigurationList;
			buildConfigurations = (
				69F0A02F2D29B8B200563A6F /* Debug */,
				69F0A0302D29B8B200563A6F /* Release */,
			);
			defaultConfigurationIsVisible = 0;
			defaultConfigurationName = Release;
		};
/* End XCConfigurationList section */
	};
	rootObject = 69F09FFB2D29B8B000563A6F /* Project object */;
}
